
Microsoft Visual Studio Solution File, Format Version 12.00
# Visual Studio Version 17
VisualStudioVersion = 17.5.33424.131
MinimumVisualStudioVersion = 10.0.40219.1
Project("{F184B08F-C81C-45F6-A57F-5ABD9991F28F}") = "S2", "S2.vbproj", "{46444B83-611E-4BE4-9839-A28BCE1A0429}"
EndProject
Global
	GlobalSection(SolutionConfigurationPlatforms) = preSolution
		Debug|Any CPU = Debug|Any CPU
		Release|Any CPU = Release|Any CPU
	EndGlobalSection
	GlobalSection(ProjectConfigurationPlatforms) = postSolution
		{46444B83-611E-4BE4-9839-A28BCE1A0429}.Debug|Any CPU.ActiveCfg = Debug|Any CPU
		{46444B83-611E-4BE4-9839-A28BCE1A0429}.Debug|Any CPU.Build.0 = Debug|Any CPU
		{46444B83-611E-4BE4-9839-A28BCE1A0429}.Release|Any CPU.ActiveCfg = Release|Any CPU
		{46444B83-611E-4BE4-9839-A28BCE1A0429}.Release|Any CPU.Build.0 = Release|Any CPU
	EndGlobalSection
	GlobalSection(SolutionProperties) = preSolution
		HideSolutionNode = FALSE
	EndGlobalSection
	GlobalSection(ExtensibilityGlobals) = postSolution
		SolutionGuid = {08AFEC84-8EB3-44B6-B721-8A1B3DCA5215}
	EndGlobalSection
EndGlobal
